// !$*UTF8*$!
{
	archiveVersion = 1;
	classes = {
	};
	objectVersion = 48;
	objects = {

/* Begin PBXBuildFile section */
		A90FF0372044526600124266 /* AppDelegate.swift in Sources */ = {isa = PBXBuildFile; fileRef = A90FF0362044526600124266 /* AppDelegate.swift */; };
		A90FF0392044526600124266 /* ViewController.swift in Sources */ = {isa = PBXBuildFile; fileRef = A90FF0382044526600124266 /* ViewController.swift */; };
		A90FF03C2044526600124266 /* Main.storyboard in Resources */ = {isa = PBXBuildFile; fileRef = A90FF03A2044526600124266 /* Main.storyboard */; };
		A90FF03E2044526600124266 /* Assets.xcassets in Resources */ = {isa = PBXBuildFile; fileRef = A90FF03D2044526600124266 /* Assets.xcassets */; };
		A90FF04C2044526600124266 /* DoneDoneMemoTests.swift in Sources */ = {isa = PBXBuildFile; fileRef = A90FF04B2044526600124266 /* DoneDoneMemoTests.swift */; };
		A99B54D12045A5E9002DFA2B /* RxBlocking.framework in Frameworks */ = {isa = PBXBuildFile; fileRef = A99B54CB2045A5E9002DFA2B /* RxBlocking.framework */; };
		A99B54D22045A5E9002DFA2B /* RealmSwift.framework in Frameworks */ = {isa = PBXBuildFile; fileRef = A99B54CC2045A5E9002DFA2B /* RealmSwift.framework */; };
		A99B54D32045A5E9002DFA2B /* Realm.framework in Frameworks */ = {isa = PBXBuildFile; fileRef = A99B54CD2045A5E9002DFA2B /* Realm.framework */; };
		A99B54D42045A5EA002DFA2B /* RxCocoa.framework in Frameworks */ = {isa = PBXBuildFile; fileRef = A99B54CE2045A5E9002DFA2B /* RxCocoa.framework */; };
		A99B54D52045A5EA002DFA2B /* RxSwift.framework in Frameworks */ = {isa = PBXBuildFile; fileRef = A99B54CF2045A5E9002DFA2B /* RxSwift.framework */; };
/* End PBXBuildFile section */

/* Begin PBXContainerItemProxy section */
		A90FF0482044526600124266 /* PBXContainerItemProxy */ = {
			isa = PBXContainerItemProxy;
			containerPortal = A90FF02B2044526600124266 /* Project object */;
			proxyType = 1;
			remoteGlobalIDString = A90FF0322044526600124266;
			remoteInfo = DoneDoneMemo;
		};
/* End PBXContainerItemProxy section */

/* Begin PBXFileReference section */
		A90FF0332044526600124266 /* DoneDoneMemo.app */ = {isa = PBXFileReference; explicitFileType = wrapper.application; includeInIndex = 0; path = DoneDoneMemo.app; sourceTree = BUILT_PRODUCTS_DIR; };
		A90FF0362044526600124266 /* AppDelegate.swift */ = {isa = PBXFileReference; lastKnownFileType = sourcecode.swift; path = AppDelegate.swift; sourceTree = "<group>"; };
		A90FF0382044526600124266 /* ViewController.swift */ = {isa = PBXFileReference; lastKnownFileType = sourcecode.swift; path = ViewController.swift; sourceTree = "<group>"; };
		A90FF03B2044526600124266 /* Base */ = {isa = PBXFileReference; lastKnownFileType = file.storyboard; name = Base; path = Base.lproj/Main.storyboard; sourceTree = "<group>"; };
		A90FF03D2044526600124266 /* Assets.xcassets */ = {isa = PBXFileReference; lastKnownFileType = folder.assetcatalog; path = Assets.xcassets; sourceTree = "<group>"; };
		A90FF0422044526600124266 /* Info.plist */ = {isa = PBXFileReference; lastKnownFileType = text.plist.xml; path = Info.plist; sourceTree = "<group>"; };
		A90FF0472044526600124266 /* DoneDoneMemoTests.xctest */ = {isa = PBXFileReference; explicitFileType = wrapper.cfbundle; includeInIndex = 0; path = DoneDoneMemoTests.xctest; sourceTree = BUILT_PRODUCTS_DIR; };
		A90FF04B2044526600124266 /* DoneDoneMemoTests.swift */ = {isa = PBXFileReference; lastKnownFileType = sourcecode.swift; path = DoneDoneMemoTests.swift; sourceTree = "<group>"; };
		A90FF04D2044526600124266 /* Info.plist */ = {isa = PBXFileReference; lastKnownFileType = text.plist.xml; path = Info.plist; sourceTree = "<group>"; };
		A99B54CA2045A5E9002DFA2B /* RxTest.framework */ = {isa = PBXFileReference; lastKnownFileType = wrapper.framework; name = RxTest.framework; path = Carthage/Build/iOS/RxTest.framework; sourceTree = "<group>"; };
		A99B54CB2045A5E9002DFA2B /* RxBlocking.framework */ = {isa = PBXFileReference; lastKnownFileType = wrapper.framework; name = RxBlocking.framework; path = Carthage/Build/iOS/RxBlocking.framework; sourceTree = "<group>"; };
		A99B54CC2045A5E9002DFA2B /* RealmSwift.framework */ = {isa = PBXFileReference; lastKnownFileType = wrapper.framework; name = RealmSwift.framework; path = Carthage/Build/iOS/RealmSwift.framework; sourceTree = "<group>"; };
		A99B54CD2045A5E9002DFA2B /* Realm.framework */ = {isa = PBXFileReference; lastKnownFileType = wrapper.framework; name = Realm.framework; path = Carthage/Build/iOS/Realm.framework; sourceTree = "<group>"; };
		A99B54CE2045A5E9002DFA2B /* RxCocoa.framework */ = {isa = PBXFileReference; lastKnownFileType = wrapper.framework; name = RxCocoa.framework; path = Carthage/Build/iOS/RxCocoa.framework; sourceTree = "<group>"; };
		A99B54CF2045A5E9002DFA2B /* RxSwift.framework */ = {isa = PBXFileReference; lastKnownFileType = wrapper.framework; name = RxSwift.framework; path = Carthage/Build/iOS/RxSwift.framework; sourceTree = "<group>"; };
/* End PBXFileReference section */

/* Begin PBXFrameworksBuildPhase section */
		A90FF0302044526600124266 /* Frameworks */ = {
			isa = PBXFrameworksBuildPhase;
			buildActionMask = 2147483647;
			files = (
				A99B54D12045A5E9002DFA2B /* RxBlocking.framework in Frameworks */,
				A99B54D22045A5E9002DFA2B /* RealmSwift.framework in Frameworks */,
				A99B54D32045A5E9002DFA2B /* Realm.framework in Frameworks */,
				A99B54D42045A5EA002DFA2B /* RxCocoa.framework in Frameworks */,
				A99B54D52045A5EA002DFA2B /* RxSwift.framework in Frameworks */,
			);
			runOnlyForDeploymentPostprocessing = 0;
		};
		A90FF0442044526600124266 /* Frameworks */ = {
			isa = PBXFrameworksBuildPhase;
			buildActionMask = 2147483647;
			files = (
			);
			runOnlyForDeploymentPostprocessing = 0;
		};
/* End PBXFrameworksBuildPhase section */

/* Begin PBXGroup section */
		A90FF02A2044526600124266 = {
			isa = PBXGroup;
			children = (
				A90FF0352044526600124266 /* DoneDoneMemo */,
				A90FF04A2044526600124266 /* DoneDoneMemoTests */,
				A90FF0342044526600124266 /* Products */,
				A99B54C92045A5E9002DFA2B /* Frameworks */,
			);
			sourceTree = "<group>";
		};
		A90FF0342044526600124266 /* Products */ = {
			isa = PBXGroup;
			children = (
				A90FF0332044526600124266 /* DoneDoneMemo.app */,
				A90FF0472044526600124266 /* DoneDoneMemoTests.xctest */,
			);
			name = Products;
			sourceTree = "<group>";
		};
		A90FF0352044526600124266 /* DoneDoneMemo */ = {
			isa = PBXGroup;
			children = (
				A90FF0362044526600124266 /* AppDelegate.swift */,
				A90FF03D2044526600124266 /* Assets.xcassets */,
				A90FF0422044526600124266 /* Info.plist */,
				A99B54DA2046FA4A002DFA2B /* Model */,
				A99B54DE2046FA7A002DFA2B /* View */,
				A99B54DB2046FA53002DFA2B /* ViewModel */,
			);
			path = DoneDoneMemo;
			sourceTree = "<group>";
		};
		A90FF04A2044526600124266 /* DoneDoneMemoTests */ = {
			isa = PBXGroup;
			children = (
				A90FF04B2044526600124266 /* DoneDoneMemoTests.swift */,
				A90FF04D2044526600124266 /* Info.plist */,
			);
			path = DoneDoneMemoTests;
			sourceTree = "<group>";
		};
		A99B54C92045A5E9002DFA2B /* Frameworks */ = {
			isa = PBXGroup;
			children = (
				A99B54CD2045A5E9002DFA2B /* Realm.framework */,
				A99B54CC2045A5E9002DFA2B /* RealmSwift.framework */,
				A99B54CB2045A5E9002DFA2B /* RxBlocking.framework */,
				A99B54CE2045A5E9002DFA2B /* RxCocoa.framework */,
				A99B54CF2045A5E9002DFA2B /* RxSwift.framework */,
				A99B54CA2045A5E9002DFA2B /* RxTest.framework */,
			);
			name = Frameworks;
			sourceTree = "<group>";
		};
		A99B54DA2046FA4A002DFA2B /* Model */ = {
			isa = PBXGroup;
			children = (
			);
			path = Model;
			sourceTree = "<group>";
		};
		A99B54DB2046FA53002DFA2B /* ViewModel */ = {
			isa = PBXGroup;
			children = (
			);
			path = ViewModel;
			sourceTree = "<group>";
		};
		A99B54DC2046FA60002DFA2B /* StoryBoard */ = {
			isa = PBXGroup;
			children = (
				A90FF03A2044526600124266 /* Main.storyboard */,
			);
			path = StoryBoard;
			sourceTree = "<group>";
		};
		A99B54DD2046FA67002DFA2B /* ViewController */ = {
			isa = PBXGroup;
			children = (
				A90FF0382044526600124266 /* ViewController.swift */,
			);
			path = ViewController;
			sourceTree = "<group>";
		};
		A99B54DE2046FA7A002DFA2B /* View */ = {
			isa = PBXGroup;
			children = (
				A99B54DD2046FA67002DFA2B /* ViewController */,
				A99B54DC2046FA60002DFA2B /* StoryBoard */,
			);
			path = View;
			sourceTree = "<group>";
		};
/* End PBXGroup section */

/* Begin PBXNativeTarget section */
		A90FF0322044526600124266 /* DoneDoneMemo */ = {
			isa = PBXNativeTarget;
			buildConfigurationList = A90FF0502044526600124266 /* Build configuration list for PBXNativeTarget "DoneDoneMemo" */;
			buildPhases = (
				A90FF02F2044526600124266 /* Sources */,
				A90FF0302044526600124266 /* Frameworks */,
				A90FF0312044526600124266 /* Resources */,
				A99B54D62045A61A002DFA2B /* ShellScript */,
				A99B54D82045AB0A002DFA2B /* ShellScript */,
			);
			buildRules = (
			);
			dependencies = (
			);
			name = DoneDoneMemo;
			productName = DoneDoneMemo;
			productReference = A90FF0332044526600124266 /* DoneDoneMemo.app */;
			productType = "com.apple.product-type.application";
		};
		A90FF0462044526600124266 /* DoneDoneMemoTests */ = {
			isa = PBXNativeTarget;
			buildConfigurationList = A90FF0532044526600124266 /* Build configuration list for PBXNativeTarget "DoneDoneMemoTests" */;
			buildPhases = (
				A90FF0432044526600124266 /* Sources */,
				A90FF0442044526600124266 /* Frameworks */,
				A90FF0452044526600124266 /* Resources */,
			);
			buildRules = (
			);
			dependencies = (
				A90FF0492044526600124266 /* PBXTargetDependency */,
			);
			name = DoneDoneMemoTests;
			productName = DoneDoneMemoTests;
			productReference = A90FF0472044526600124266 /* DoneDoneMemoTests.xctest */;
			productType = "com.apple.product-type.bundle.unit-test";
		};
/* End PBXNativeTarget section */

/* Begin PBXProject section */
		A90FF02B2044526600124266 /* Project object */ = {
			isa = PBXProject;
			attributes = {
				LastSwiftUpdateCheck = 0920;
				LastUpgradeCheck = 0920;
				ORGANIZATIONNAME = "Yuki Sumida";
				TargetAttributes = {
					A90FF0322044526600124266 = {
						CreatedOnToolsVersion = 9.2;
						ProvisioningStyle = Automatic;
					};
					A90FF0462044526600124266 = {
						CreatedOnToolsVersion = 9.2;
						ProvisioningStyle = Automatic;
						TestTargetID = A90FF0322044526600124266;
					};
				};
			};
			buildConfigurationList = A90FF02E2044526600124266 /* Build configuration list for PBXProject "DoneDoneMemo" */;
			compatibilityVersion = "Xcode 8.0";
			developmentRegion = en;
			hasScannedForEncodings = 0;
			knownRegions = (
				en,
				Base,
			);
			mainGroup = A90FF02A2044526600124266;
			productRefGroup = A90FF0342044526600124266 /* Products */;
			projectDirPath = "";
			projectRoot = "";
			targets = (
				A90FF0322044526600124266 /* DoneDoneMemo */,
				A90FF0462044526600124266 /* DoneDoneMemoTests */,
			);
		};
/* End PBXProject section */

/* Begin PBXResourcesBuildPhase section */
		A90FF0312044526600124266 /* Resources */ = {
			isa = PBXResourcesBuildPhase;
			buildActionMask = 2147483647;
			files = (
				A90FF03E2044526600124266 /* Assets.xcassets in Resources */,
				A90FF03C2044526600124266 /* Main.storyboard in Resources */,
			);
			runOnlyForDeploymentPostprocessing = 0;
		};
		A90FF0452044526600124266 /* Resources */ = {
			isa = PBXResourcesBuildPhase;
			buildActionMask = 2147483647;
			files = (
			);
			runOnlyForDeploymentPostprocessing = 0;
		};
/* End PBXResourcesBuildPhase section */

/* Begin PBXShellScriptBuildPhase section */
		A99B54D62045A61A002DFA2B /* ShellScript */ = {
			isa = PBXShellScriptBuildPhase;
			buildActionMask = 2147483647;
			files = (
			);
			inputPaths = (
				"$(SRCROOT)/Carthage/Build/iOS/Realm.framework",
				"$(SRCROOT)/Carthage/Build/iOS/RealmSwift.framework",
				"$(SRCROOT)/Carthage/Build/iOS/RxSwift.framework",
				"$(SRCROOT)/Carthage/Build/iOS/RxCocoa.framework",
				"$(SRCROOT)/Carthage/Build/iOS/RxBlocking.framework",
			);
			outputPaths = (
			);
			runOnlyForDeploymentPostprocessing = 0;
			shellPath = /bin/sh;
			shellScript = "/usr/local/bin/carthage copy-frameworks";
		};
		A99B54D82045AB0A002DFA2B /* ShellScript */ = {
			isa = PBXShellScriptBuildPhase;
			buildActionMask = 2147483647;
			files = (
			);
			inputPaths = (
			);
			outputPaths = (
			);
			runOnlyForDeploymentPostprocessing = 0;
			shellPath = /bin/sh;
			shellScript = "if which swiftlint >/dev/null; then\nswiftlint\nelse\necho \"SwiftLint does not exist, download from https://github.com/realm/SwiftLint\"\nfi";
		};
/* End PBXShellScriptBuildPhase section */

/* Begin PBXSourcesBuildPhase section */
		A90FF02F2044526600124266 /* Sources */ = {
			isa = PBXSourcesBuildPhase;
			buildActionMask = 2147483647;
			files = (
				A90FF0392044526600124266 /* ViewController.swift in Sources */,
				A90FF0372044526600124266 /* AppDelegate.swift in Sources */,
			);
			runOnlyForDeploymentPostprocessing = 0;
		};
		A90FF0432044526600124266 /* Sources */ = {
			isa = PBXSourcesBuildPhase;
			buildActionMask = 2147483647;
			files = (
				A90FF04C2044526600124266 /* DoneDoneMemoTests.swift in Sources */,
			);
			runOnlyForDeploymentPostprocessing = 0;
		};
/* End PBXSourcesBuildPhase section */

/* Begin PBXTargetDependency section */
		A90FF0492044526600124266 /* PBXTargetDependency */ = {
			isa = PBXTargetDependency;
			target = A90FF0322044526600124266 /* DoneDoneMemo */;
			targetProxy = A90FF0482044526600124266 /* PBXContainerItemProxy */;
		};
/* End PBXTargetDependency section */

/* Begin PBXVariantGroup section */
		A90FF03A2044526600124266 /* Main.storyboard */ = {
			isa = PBXVariantGroup;
			children = (
				A90FF03B2044526600124266 /* Base */,
			);
			name = Main.storyboard;
			sourceTree = "<group>";
		};
/* End PBXVariantGroup section */

/* Begin XCBuildConfiguration section */
		A90FF04E2044526600124266 /* Debug */ = {
			isa = XCBuildConfiguration;
			buildSettings = {
				ALWAYS_SEARCH_USER_PATHS = NO;
				CLANG_ANALYZER_NONNULL = YES;
				CLANG_ANALYZER_NUMBER_OBJECT_CONVERSION = YES_AGGRESSIVE;
				CLANG_CXX_LANGUAGE_STANDARD = "gnu++14";
				CLANG_CXX_LIBRARY = "libc++";
				CLANG_ENABLE_MODULES = YES;
				CLANG_ENABLE_OBJC_ARC = YES;
				CLANG_WARN_BLOCK_CAPTURE_AUTORELEASING = YES;
				CLANG_WARN_BOOL_CONVERSION = YES;
				CLANG_WARN_COMMA = YES;
				CLANG_WARN_CONSTANT_CONVERSION = YES;
				CLANG_WARN_DIRECT_OBJC_ISA_USAGE = YES_ERROR;
				CLANG_WARN_DOCUMENTATION_COMMENTS = YES;
				CLANG_WARN_EMPTY_BODY = YES;
				CLANG_WARN_ENUM_CONVERSION = YES;
				CLANG_WARN_INFINITE_RECURSION = YES;
				CLANG_WARN_INT_CONVERSION = YES;
				CLANG_WARN_NON_LITERAL_NULL_CONVERSION = YES;
				CLANG_WARN_OBJC_LITERAL_CONVERSION = YES;
				CLANG_WARN_OBJC_ROOT_CLASS = YES_ERROR;
				CLANG_WARN_RANGE_LOOP_ANALYSIS = YES;
				CLANG_WARN_STRICT_PROTOTYPES = YES;
				CLANG_WARN_SUSPICIOUS_MOVE = YES;
				CLANG_WARN_UNGUARDED_AVAILABILITY = YES_AGGRESSIVE;
				CLANG_WARN_UNREACHABLE_CODE = YES;
				CLANG_WARN__DUPLICATE_METHOD_MATCH = YES;
				CODE_SIGN_IDENTITY = "iPhone Developer";
				COPY_PHASE_STRIP = NO;
				DEBUG_INFORMATION_FORMAT = dwarf;
				ENABLE_STRICT_OBJC_MSGSEND = YES;
				ENABLE_TESTABILITY = YES;
				GCC_C_LANGUAGE_STANDARD = gnu11;
				GCC_DYNAMIC_NO_PIC = NO;
				GCC_NO_COMMON_BLOCKS = YES;
				GCC_OPTIMIZATION_LEVEL = 0;
				GCC_PREPROCESSOR_DEFINITIONS = (
					"DEBUG=1",
					"$(inherited)",
				);
				GCC_WARN_64_TO_32_BIT_CONVERSION = YES;
				GCC_WARN_ABOUT_RETURN_TYPE = YES_ERROR;
				GCC_WARN_UNDECLARED_SELECTOR = YES;
				GCC_WARN_UNINITIALIZED_AUTOS = YES_AGGRESSIVE;
				GCC_WARN_UNUSED_FUNCTION = YES;
				GCC_WARN_UNUSED_VARIABLE = YES;
				IPHONEOS_DEPLOYMENT_TARGET = 11.2;
				MTL_ENABLE_DEBUG_INFO = YES;
				ONLY_ACTIVE_ARCH = YES;
				SDKROOT = iphoneos;
				SWIFT_ACTIVE_COMPILATION_CONDITIONS = DEBUG;
				SWIFT_OPTIMIZATION_LEVEL = "-Onone";
			};
			name = Debug;
		};
		A90FF04F2044526600124266 /* Release */ = {
			isa = XCBuildConfiguration;
			buildSettings = {
				ALWAYS_SEARCH_USER_PATHS = NO;
				CLANG_ANALYZER_NONNULL = YES;
				CLANG_ANALYZER_NUMBER_OBJECT_CONVERSION = YES_AGGRESSIVE;
				CLANG_CXX_LANGUAGE_STANDARD = "gnu++14";
				CLANG_CXX_LIBRARY = "libc++";
				CLANG_ENABLE_MODULES = YES;
				CLANG_ENABLE_OBJC_ARC = YES;
				CLANG_WARN_BLOCK_CAPTURE_AUTORELEASING = YES;
				CLANG_WARN_BOOL_CONVERSION = YES;
				CLANG_WARN_COMMA = YES;
				CLANG_WARN_CONSTANT_CONVERSION = YES;
				CLANG_WARN_DIRECT_OBJC_ISA_USAGE = YES_ERROR;
				CLANG_WARN_DOCUMENTATION_COMMENTS = YES;
				CLANG_WARN_EMPTY_BODY = YES;
				CLANG_WARN_ENUM_CONVERSION = YES;
				CLANG_WARN_INFINITE_RECURSION = YES;
				CLANG_WARN_INT_CONVERSION = YES;
				CLANG_WARN_NON_LITERAL_NULL_CONVERSION = YES;
				CLANG_WARN_OBJC_LITERAL_CONVERSION = YES;
				CLANG_WARN_OBJC_ROOT_CLASS = YES_ERROR;
				CLANG_WARN_RANGE_LOOP_ANALYSIS = YES;
				CLANG_WARN_STRICT_PROTOTYPES = YES;
				CLANG_WARN_SUSPICIOUS_MOVE = YES;
				CLANG_WARN_UNGUARDED_AVAILABILITY = YES_AGGRESSIVE;
				CLANG_WARN_UNREACHABLE_CODE = YES;
				CLANG_WARN__DUPLICATE_METHOD_MATCH = YES;
				CODE_SIGN_IDENTITY = "iPhone Developer";
				COPY_PHASE_STRIP = NO;
				DEBUG_INFORMATION_FORMAT = "dwarf-with-dsym";
				ENABLE_NS_ASSERTIONS = NO;
				ENABLE_STRICT_OBJC_MSGSEND = YES;
				GCC_C_LANGUAGE_STANDARD = gnu11;
				GCC_NO_COMMON_BLOCKS = YES;
				GCC_WARN_64_TO_32_BIT_CONVERSION = YES;
				GCC_WARN_ABOUT_RETURN_TYPE = YES_ERROR;
				GCC_WARN_UNDECLARED_SELECTOR = YES;
				GCC_WARN_UNINITIALIZED_AUTOS = YES_AGGRESSIVE;
				GCC_WARN_UNUSED_FUNCTION = YES;
				GCC_WARN_UNUSED_VARIABLE = YES;
				IPHONEOS_DEPLOYMENT_TARGET = 11.2;
				MTL_ENABLE_DEBUG_INFO = NO;
				SDKROOT = iphoneos;
				SWIFT_OPTIMIZATION_LEVEL = "-Owholemodule";
				VALIDATE_PRODUCT = YES;
			};
			name = Release;
		};
		A90FF0512044526600124266 /* Debug */ = {
			isa = XCBuildConfiguration;
			buildSettings = {
				ASSETCATALOG_COMPILER_APPICON_NAME = AppIcon;
				CODE_SIGN_STYLE = Automatic;
				FRAMEWORK_SEARCH_PATHS = (
					"$(inherited)",
					"$(PROJECT_DIR)/Carthage/Build/iOS",
				);
				INFOPLIST_FILE = DoneDoneMemo/Info.plist;
				LD_RUNPATH_SEARCH_PATHS = "$(inherited) @executable_path/Frameworks";
				PRODUCT_BUNDLE_IDENTIFIER = "y-sumida.DoneDoneMemo.DoneDoneMemo";
				PRODUCT_NAME = "$(TARGET_NAME)";
				SWIFT_VERSION = 4.0;
				TARGETED_DEVICE_FAMILY = "1,2";
			};
			name = Debug;
		};
		A90FF0522044526600124266 /* Release */ = {
			isa = XCBuildConfiguration;
			buildSettings = {
				ASSETCATALOG_COMPILER_APPICON_NAME = AppIcon;
				CODE_SIGN_STYLE = Automatic;
				FRAMEWORK_SEARCH_PATHS = (
					"$(inherited)",
					"$(PROJECT_DIR)/Carthage/Build/iOS",
				);
				INFOPLIST_FILE = DoneDoneMemo/Info.plist;
				LD_RUNPATH_SEARCH_PATHS = "$(inherited) @executable_path/Frameworks";
				PRODUCT_BUNDLE_IDENTIFIER = "y-sumida.DoneDoneMemo.DoneDoneMemo";
				PRODUCT_NAME = "$(TARGET_NAME)";
				SWIFT_VERSION = 4.0;
				TARGETED_DEVICE_FAMILY = "1,2";
			};
			name = Release;
		};
		A90FF0542044526600124266 /* Debug */ = {
			isa = XCBuildConfiguration;
			buildSettings = {
				ALWAYS_EMBED_SWIFT_STANDARD_LIBRARIES = YES;
				BUNDLE_LOADER = "$(TEST_HOST)";
				CODE_SIGN_STYLE = Automatic;
				INFOPLIST_FILE = DoneDoneMemoTests/Info.plist;
				LD_RUNPATH_SEARCH_PATHS = "$(inherited) @executable_path/Frameworks @loader_path/Frameworks";
				PRODUCT_BUNDLE_IDENTIFIER = "y-sumida.DoneDoneMemo.DoneDoneMemoTests";
				PRODUCT_NAME = "$(TARGET_NAME)";
				SWIFT_VERSION = 4.0;
				TARGETED_DEVICE_FAMILY = "1,2";
				TEST_HOST = "$(BUILT_PRODUCTS_DIR)/DoneDoneMemo.app/DoneDoneMemo";
			};
			name = Debug;
		};
		A90FF0552044526600124266 /* Release */ = {
			isa = XCBuildConfiguration;
			buildSettings = {
				ALWAYS_EMBED_SWIFT_STANDARD_LIBRARIES = YES;
				BUNDLE_LOADER = "$(TEST_HOST)";
				CODE_SIGN_STYLE = Automatic;
				INFOPLIST_FILE = DoneDoneMemoTests/Info.plist;
				LD_RUNPATH_SEARCH_PATHS = "$(inherited) @executable_path/Frameworks @loader_path/Frameworks";
				PRODUCT_BUNDLE_IDENTIFIER = "y-sumida.DoneDoneMemo.DoneDoneMemoTests";
				PRODUCT_NAME = "$(TARGET_NAME)";
				SWIFT_VERSION = 4.0;
				TARGETED_DEVICE_FAMILY = "1,2";
				TEST_HOST = "$(BUILT_PRODUCTS_DIR)/DoneDoneMemo.app/DoneDoneMemo";
			};
			name = Release;
		};
/* End XCBuildConfiguration section */

/* Begin XCConfigurationList section */
		A90FF02E2044526600124266 /* Build configuration list for PBXProject "DoneDoneMemo" */ = {
			isa = XCConfigurationList;
			buildConfigurations = (
				A90FF04E2044526600124266 /* Debug */,
				A90FF04F2044526600124266 /* Release */,
			);
			defaultConfigurationIsVisible = 0;
			defaultConfigurationName = Release;
		};
		A90FF0502044526600124266 /* Build configuration list for PBXNativeTarget "DoneDoneMemo" */ = {
			isa = XCConfigurationList;
			buildConfigurations = (
				A90FF0512044526600124266 /* Debug */,
				A90FF0522044526600124266 /* Release */,
			);
			defaultConfigurationIsVisible = 0;
			defaultConfigurationName = Release;
		};
		A90FF0532044526600124266 /* Build configuration list for PBXNativeTarget "DoneDoneMemoTests" */ = {
			isa = XCConfigurationList;
			buildConfigurations = (
				A90FF0542044526600124266 /* Debug */,
				A90FF0552044526600124266 /* Release */,
			);
			defaultConfigurationIsVisible = 0;
			defaultConfigurationName = Release;
		};
/* End XCConfigurationList section */
	};
	rootObject = A90FF02B2044526600124266 /* Project object */;
}
